
Microsoft Visual Studio Solution File, Format Version 12.00
# Visual Studio 15
Project("{FAE04EC0-301F-11D3-BF4B-00C04F79EFBC}") = "Assembly-CSharp", "Assembly-CSharp.csproj", "{784CBA7F-836F-2076-6501-F5DC67A1440F}"
EndProject
Global
	GlobalSection(SolutionConfigurationPlatforms) = preSolution
		Debug|Any CPU = Debug|Any CPU
		Release|Any CPU = Release|Any CPU
	EndGlobalSection
	GlobalSection(ProjectConfigurationPlatforms) = postSolution
		{784CBA7F-836F-2076-6501-F5DC67A1440F}.Debug|Any CPU.ActiveCfg = Debug|Any CPU
		{784CBA7F-836F-2076-6501-F5DC67A1440F}.Debug|Any CPU.Build.0 = Debug|Any CPU
		{784CBA7F-836F-2076-6501-F5DC67A1440F}.Release|Any CPU.ActiveCfg = Release|Any CPU
		{784CBA7F-836F-2076-6501-F5DC67A1440F}.Release|Any CPU.Build.0 = Release|Any CPU
	EndGlobalSection
	GlobalSection(SolutionProperties) = preSolution
		HideSolutionNode = FALSE
	EndGlobalSection
EndGlobal
